// !$*UTF8*$!
{
	archiveVersion = 1;
	classes = {
	};
	objectVersion = 48;
	objects = {

/* Begin PBXBuildFile section */
		276C056F1F8EE28D004BE167 /* AppDelegate.swift in Sources */ = {isa = PBXBuildFile; fileRef = 276C056E1F8EE28D004BE167 /* AppDelegate.swift */; };
		276C05711F8EE28D004BE167 /* receivingVC.swift in Sources */ = {isa = PBXBuildFile; fileRef = 276C05701F8EE28D004BE167 /* receivingVC.swift */; };
		276C05741F8EE28D004BE167 /* Main.storyboard in Resources */ = {isa = PBXBuildFile; fileRef = 276C05721F8EE28D004BE167 /* Main.storyboard */; };
		276C05761F8EE28D004BE167 /* Assets.xcassets in Resources */ = {isa = PBXBuildFile; fileRef = 276C05751F8EE28D004BE167 /* Assets.xcassets */; };
		276C05791F8EE28D004BE167 /* LaunchScreen.storyboard in Resources */ = {isa = PBXBuildFile; fileRef = 276C05771F8EE28D004BE167 /* LaunchScreen.storyboard */; };
		276C05841F8EE28D004BE167 /* DelegateMayhemTests.swift in Sources */ = {isa = PBXBuildFile; fileRef = 276C05831F8EE28D004BE167 /* DelegateMayhemTests.swift */; };
		276C058F1F8EE28D004BE167 /* DelegateMayhemUITests.swift in Sources */ = {isa = PBXBuildFile; fileRef = 276C058E1F8EE28D004BE167 /* DelegateMayhemUITests.swift */; };
		276C059D1F8EE397004BE167 /* SendingVC.swift in Sources */ = {isa = PBXBuildFile; fileRef = 276C059C1F8EE397004BE167 /* SendingVC.swift */; };
/* End PBXBuildFile section */

/* Begin PBXContainerItemProxy section */
		276C05801F8EE28D004BE167 /* PBXContainerItemProxy */ = {
			isa = PBXContainerItemProxy;
			containerPortal = 276C05631F8EE28D004BE167 /* Project object */;
			proxyType = 1;
			remoteGlobalIDString = 276C056A1F8EE28D004BE167;
			remoteInfo = DelegateMayhem;
		};
		276C058B1F8EE28D004BE167 /* PBXContainerItemProxy */ = {
			isa = PBXContainerItemProxy;
			containerPortal = 276C05631F8EE28D004BE167 /* Project object */;
			proxyType = 1;
			remoteGlobalIDString = 276C056A1F8EE28D004BE167;
			remoteInfo = DelegateMayhem;
		};
/* End PBXContainerItemProxy section */

/* Begin PBXFileReference section */
		276C056B1F8EE28D004BE167 /* DelegateMayhem.app */ = {isa = PBXFileReference; explicitFileType = wrapper.application; includeInIndex = 0; path = DelegateMayhem.app; sourceTree = BUILT_PRODUCTS_DIR; };
		276C056E1F8EE28D004BE167 /* AppDelegate.swift */ = {isa = PBXFileReference; lastKnownFileType = sourcecode.swift; path = AppDelegate.swift; sourceTree = "<group>"; };
		276C05701F8EE28D004BE167 /* receivingVC.swift */ = {isa = PBXFileReference; lastKnownFileType = sourcecode.swift; path = receivingVC.swift; sourceTree = "<group>"; };
		276C05731F8EE28D004BE167 /* Base */ = {isa = PBXFileReference; lastKnownFileType = file.storyboard; name = Base; path = Base.lproj/Main.storyboard; sourceTree = "<group>"; };
		276C05751F8EE28D004BE167 /* Assets.xcassets */ = {isa = PBXFileReference; lastKnownFileType = folder.assetcatalog; path = Assets.xcassets; sourceTree = "<group>"; };
		276C05781F8EE28D004BE167 /* Base */ = {isa = PBXFileReference; lastKnownFileType = file.storyboard; name = Base; path = Base.lproj/LaunchScreen.storyboard; sourceTree = "<group>"; };
		276C057A1F8EE28D004BE167 /* Info.plist */ = {isa = PBXFileReference; lastKnownFileType = text.plist.xml; path = Info.plist; sourceTree = "<group>"; };
		276C057F1F8EE28D004BE167 /* DelegateMayhemTests.xctest */ = {isa = PBXFileReference; explicitFileType = wrapper.cfbundle; includeInIndex = 0; path = DelegateMayhemTests.xctest; sourceTree = BUILT_PRODUCTS_DIR; };
		276C05831F8EE28D004BE167 /* DelegateMayhemTests.swift */ = {isa = PBXFileReference; lastKnownFileType = sourcecode.swift; path = DelegateMayhemTests.swift; sourceTree = "<group>"; };
		276C05851F8EE28D004BE167 /* Info.plist */ = {isa = PBXFileReference; lastKnownFileType = text.plist.xml; path = Info.plist; sourceTree = "<group>"; };
		276C058A1F8EE28D004BE167 /* DelegateMayhemUITests.xctest */ = {isa = PBXFileReference; explicitFileType = wrapper.cfbundle; includeInIndex = 0; path = DelegateMayhemUITests.xctest; sourceTree = BUILT_PRODUCTS_DIR; };
		276C058E1F8EE28D004BE167 /* DelegateMayhemUITests.swift */ = {isa = PBXFileReference; lastKnownFileType = sourcecode.swift; path = DelegateMayhemUITests.swift; sourceTree = "<group>"; };
		276C05901F8EE28D004BE167 /* Info.plist */ = {isa = PBXFileReference; lastKnownFileType = text.plist.xml; path = Info.plist; sourceTree = "<group>"; };
		276C059C1F8EE397004BE167 /* SendingVC.swift */ = {isa = PBXFileReference; lastKnownFileType = sourcecode.swift; path = SendingVC.swift; sourceTree = "<group>"; };
/* End PBXFileReference section */

/* Begin PBXFrameworksBuildPhase section */
		276C05681F8EE28D004BE167 /* Frameworks */ = {
			isa = PBXFrameworksBuildPhase;
			buildActionMask = 2147483647;
			files = (
			);
			runOnlyForDeploymentPostprocessing = 0;
		};
		276C057C1F8EE28D004BE167 /* Frameworks */ = {
			isa = PBXFrameworksBuildPhase;
			buildActionMask = 2147483647;
			files = (
			);
			runOnlyForDeploymentPostprocessing = 0;
		};
		276C05871F8EE28D004BE167 /* Frameworks */ = {
			isa = PBXFrameworksBuildPhase;
			buildActionMask = 2147483647;
			files = (
			);
			runOnlyForDeploymentPostprocessing = 0;
		};
/* End PBXFrameworksBuildPhase section */

/* Begin PBXGroup section */
		276C05621F8EE28D004BE167 = {
			isa = PBXGroup;
			children = (
				276C056D1F8EE28D004BE167 /* DelegateMayhem */,
				276C05821F8EE28D004BE167 /* DelegateMayhemTests */,
				276C058D1F8EE28D004BE167 /* DelegateMayhemUITests */,
				276C056C1F8EE28D004BE167 /* Products */,
			);
			sourceTree = "<group>";
		};
		276C056C1F8EE28D004BE167 /* Products */ = {
			isa = PBXGroup;
			children = (
				276C056B1F8EE28D004BE167 /* DelegateMayhem.app */,
				276C057F1F8EE28D004BE167 /* DelegateMayhemTests.xctest */,
				276C058A1F8EE28D004BE167 /* DelegateMayhemUITests.xctest */,
			);
			name = Products;
			sourceTree = "<group>";
		};
		276C056D1F8EE28D004BE167 /* DelegateMayhem */ = {
			isa = PBXGroup;
			children = (
				276C056E1F8EE28D004BE167 /* AppDelegate.swift */,
				276C05701F8EE28D004BE167 /* receivingVC.swift */,
				276C059C1F8EE397004BE167 /* SendingVC.swift */,
				276C05721F8EE28D004BE167 /* Main.storyboard */,
				276C05751F8EE28D004BE167 /* Assets.xcassets */,
				276C05771F8EE28D004BE167 /* LaunchScreen.storyboard */,
				276C057A1F8EE28D004BE167 /* Info.plist */,
			);
			path = DelegateMayhem;
			sourceTree = "<group>";
		};
		276C05821F8EE28D004BE167 /* DelegateMayhemTests */ = {
			isa = PBXGroup;
			children = (
				276C05831F8EE28D004BE167 /* DelegateMayhemTests.swift */,
				276C05851F8EE28D004BE167 /* Info.plist */,
			);
			path = DelegateMayhemTests;
			sourceTree = "<group>";
		};
		276C058D1F8EE28D004BE167 /* DelegateMayhemUITests */ = {
			isa = PBXGroup;
			children = (
				276C058E1F8EE28D004BE167 /* DelegateMayhemUITests.swift */,
				276C05901F8EE28D004BE167 /* Info.plist */,
			);
			path = DelegateMayhemUITests;
			sourceTree = "<group>";
		};
/* End PBXGroup section */

/* Begin PBXNativeTarget section */
		276C056A1F8EE28D004BE167 /* DelegateMayhem */ = {
			isa = PBXNativeTarget;
			buildConfigurationList = 276C05931F8EE28D004BE167 /* Build configuration list for PBXNativeTarget "DelegateMayhem" */;
			buildPhases = (
				276C05671F8EE28D004BE167 /* Sources */,
				276C05681F8EE28D004BE167 /* Frameworks */,
				276C05691F8EE28D004BE167 /* Resources */,
			);
			buildRules = (
			);
			dependencies = (
			);
			name = DelegateMayhem;
			productName = DelegateMayhem;
			productReference = 276C056B1F8EE28D004BE167 /* DelegateMayhem.app */;
			productType = "com.apple.product-type.application";
		};
		276C057E1F8EE28D004BE167 /* DelegateMayhemTests */ = {
			isa = PBXNativeTarget;
			buildConfigurationList = 276C05961F8EE28D004BE167 /* Build configuration list for PBXNativeTarget "DelegateMayhemTests" */;
			buildPhases = (
				276C057B1F8EE28D004BE167 /* Sources */,
				276C057C1F8EE28D004BE167 /* Frameworks */,
				276C057D1F8EE28D004BE167 /* Resources */,
			);
			buildRules = (
			);
			dependencies = (
				276C05811F8EE28D004BE167 /* PBXTargetDependency */,
			);
			name = DelegateMayhemTests;
			productName = DelegateMayhemTests;
			productReference = 276C057F1F8EE28D004BE167 /* DelegateMayhemTests.xctest */;
			productType = "com.apple.product-type.bundle.unit-test";
		};
		276C05891F8EE28D004BE167 /* DelegateMayhemUITests */ = {
			isa = PBXNativeTarget;
			buildConfigurationList = 276C05991F8EE28D004BE167 /* Build configuration list for PBXNativeTarget "DelegateMayhemUITests" */;
			buildPhases = (
				276C05861F8EE28D004BE167 /* Sources */,
				276C05871F8EE28D004BE167 /* Frameworks */,
				276C05881F8EE28D004BE167 /* Resources */,
			);
			buildRules = (
			);
			dependencies = (
				276C058C1F8EE28D004BE167 /* PBXTargetDependency */,
			);
			name = DelegateMayhemUITests;
			productName = DelegateMayhemUITests;
			productReference = 276C058A1F8EE28D004BE167 /* DelegateMayhemUITests.xctest */;
			productType = "com.apple.product-type.bundle.ui-testing";
		};
/* End PBXNativeTarget section */

/* Begin PBXProject section */
		276C05631F8EE28D004BE167 /* Project object */ = {
			isa = PBXProject;
			attributes = {
				LastSwiftUpdateCheck = 0900;
				LastUpgradeCheck = 0900;
				ORGANIZATIONNAME = "chengen Zheng";
				TargetAttributes = {
					276C056A1F8EE28D004BE167 = {
						CreatedOnToolsVersion = 9.0;
						ProvisioningStyle = Automatic;
					};
					276C057E1F8EE28D004BE167 = {
						CreatedOnToolsVersion = 9.0;
						ProvisioningStyle = Automatic;
						TestTargetID = 276C056A1F8EE28D004BE167;
					};
					276C05891F8EE28D004BE167 = {
						CreatedOnToolsVersion = 9.0;
						ProvisioningStyle = Automatic;
						TestTargetID = 276C056A1F8EE28D004BE167;
					};
				};
			};
			buildConfigurationList = 276C05661F8EE28D004BE167 /* Build configuration list for PBXProject "DelegateMayhem" */;
			compatibilityVersion = "Xcode 8.0";
			developmentRegion = en;
			hasScannedForEncodings = 0;
			knownRegions = (
				en,
				Base,
			);
			mainGroup = 276C05621F8EE28D004BE167;
			productRefGroup = 276C056C1F8EE28D004BE167 /* Products */;
			projectDirPath = "";
			projectRoot = "";
			targets = (
				276C056A1F8EE28D004BE167 /* DelegateMayhem */,
				276C057E1F8EE28D004BE167 /* DelegateMayhemTests */,
				276C05891F8EE28D004BE167 /* DelegateMayhemUITests */,
			);
		};
/* End PBXProject section */

/* Begin PBXResourcesBuildPhase section */
		276C05691F8EE28D004BE167 /* Resources */ = {
			isa = PBXResourcesBuildPhase;
			buildActionMask = 2147483647;
			files = (
				276C05791F8EE28D004BE167 /* LaunchScreen.storyboard in Resources */,
				276C05761F8EE28D004BE167 /* Assets.xcassets in Resources */,
				276C05741F8EE28D004BE167 /* Main.storyboard in Resources */,
			);
			runOnlyForDeploymentPostprocessing = 0;
		};
		276C057D1F8EE28D004BE167 /* Resources */ = {
			isa = PBXResourcesBuildPhase;
			buildActionMask = 2147483647;
			files = (
			);
			runOnlyForDeploymentPostprocessing = 0;
		};
		276C05881F8EE28D004BE167 /* Resources */ = {
			isa = PBXResourcesBuildPhase;
			buildActionMask = 2147483647;
			files = (
			);
			runOnlyForDeploymentPostprocessing = 0;
		};
/* End PBXResourcesBuildPhase section */

/* Begin PBXSourcesBuildPhase section */
		276C05671F8EE28D004BE167 /* Sources */ = {
			isa = PBXSourcesBuildPhase;
			buildActionMask = 2147483647;
			files = (
				276C05711F8EE28D004BE167 /* receivingVC.swift in Sources */,
				276C059D1F8EE397004BE167 /* SendingVC.swift in Sources */,
				276C056F1F8EE28D004BE167 /* AppDelegate.swift in Sources */,
			);
			runOnlyForDeploymentPostprocessing = 0;
		};
		276C057B1F8EE28D004BE167 /* Sources */ = {
			isa = PBXSourcesBuildPhase;
			buildActionMask = 2147483647;
			files = (
				276C05841F8EE28D004BE167 /* DelegateMayhemTests.swift in Sources */,
			);
			runOnlyForDeploymentPostprocessing = 0;
		};
		276C05861F8EE28D004BE167 /* Sources */ = {
			isa = PBXSourcesBuildPhase;
			buildActionMask = 2147483647;
			files = (
				276C058F1F8EE28D004BE167 /* DelegateMayhemUITests.swift in Sources */,
			);
			runOnlyForDeploymentPostprocessing = 0;
		};
/* End PBXSourcesBuildPhase section */

/* Begin PBXTargetDependency section */
		276C05811F8EE28D004BE167 /* PBXTargetDependency */ = {
			isa = PBXTargetDependency;
			target = 276C056A1F8EE28D004BE167 /* DelegateMayhem */;
			targetProxy = 276C05801F8EE28D004BE167 /* PBXContainerItemProxy */;
		};
		276C058C1F8EE28D004BE167 /* PBXTargetDependency */ = {
			isa = PBXTargetDependency;
			target = 276C056A1F8EE28D004BE167 /* DelegateMayhem */;
			targetProxy = 276C058B1F8EE28D004BE167 /* PBXContainerItemProxy */;
		};
/* End PBXTargetDependency section */

/* Begin PBXVariantGroup section */
		276C05721F8EE28D004BE167 /* Main.storyboard */ = {
			isa = PBXVariantGroup;
			children = (
				276C05731F8EE28D004BE167 /* Base */,
			);
			name = Main.storyboard;
			sourceTree = "<group>";
		};
		276C05771F8EE28D004BE167 /* LaunchScreen.storyboard */ = {
			isa = PBXVariantGroup;
			children = (
				276C05781F8EE28D004BE167 /* Base */,
			);
			name = LaunchScreen.storyboard;
			sourceTree = "<group>";
		};
/* End PBXVariantGroup section */

/* Begin XCBuildConfiguration section */
		276C05911F8EE28D004BE167 /* Debug */ = {
			isa = XCBuildConfiguration;
			buildSettings = {
				ALWAYS_SEARCH_USER_PATHS = NO;
				CLANG_ANALYZER_NONNULL = YES;
				CLANG_ANALYZER_NUMBER_OBJECT_CONVERSION = YES_AGGRESSIVE;
				CLANG_CXX_LANGUAGE_STANDARD = "gnu++14";
				CLANG_CXX_LIBRARY = "libc++";
				CLANG_ENABLE_MODULES = YES;
				CLANG_ENABLE_OBJC_ARC = YES;
				CLANG_WARN_BLOCK_CAPTURE_AUTORELEASING = YES;
				CLANG_WARN_BOOL_CONVERSION = YES;
				CLANG_WARN_COMMA = YES;
				CLANG_WARN_CONSTANT_CONVERSION = YES;
				CLANG_WARN_DIRECT_OBJC_ISA_USAGE = YES_ERROR;
				CLANG_WARN_DOCUMENTATION_COMMENTS = YES;
				CLANG_WARN_EMPTY_BODY = YES;
				CLANG_WARN_ENUM_CONVERSION = YES;
				CLANG_WARN_INFINITE_RECURSION = YES;
				CLANG_WARN_INT_CONVERSION = YES;
				CLANG_WARN_NON_LITERAL_NULL_CONVERSION = YES;
				CLANG_WARN_OBJC_LITERAL_CONVERSION = YES;
				CLANG_WARN_OBJC_ROOT_CLASS = YES_ERROR;
				CLANG_WARN_RANGE_LOOP_ANALYSIS = YES;
				CLANG_WARN_STRICT_PROTOTYPES = YES;
				CLANG_WARN_SUSPICIOUS_MOVE = YES;
				CLANG_WARN_UNGUARDED_AVAILABILITY = YES_AGGRESSIVE;
				CLANG_WARN_UNREACHABLE_CODE = YES;
				CLANG_WARN__DUPLICATE_METHOD_MATCH = YES;
				CODE_SIGN_IDENTITY = "iPhone Developer";
				COPY_PHASE_STRIP = NO;
				DEBUG_INFORMATION_FORMAT = dwarf;
				ENABLE_STRICT_OBJC_MSGSEND = YES;
				ENABLE_TESTABILITY = YES;
				GCC_C_LANGUAGE_STANDARD = gnu11;
				GCC_DYNAMIC_NO_PIC = NO;
				GCC_NO_COMMON_BLOCKS = YES;
				GCC_OPTIMIZATION_LEVEL = 0;
				GCC_PREPROCESSOR_DEFINITIONS = (
					"DEBUG=1",
					"$(inherited)",
				);
				GCC_WARN_64_TO_32_BIT_CONVERSION = YES;
				GCC_WARN_ABOUT_RETURN_TYPE = YES_ERROR;
				GCC_WARN_UNDECLARED_SELECTOR = YES;
				GCC_WARN_UNINITIALIZED_AUTOS = YES_AGGRESSIVE;
				GCC_WARN_UNUSED_FUNCTION = YES;
				GCC_WARN_UNUSED_VARIABLE = YES;
				IPHONEOS_DEPLOYMENT_TARGET = 11.0;
				MTL_ENABLE_DEBUG_INFO = YES;
				ONLY_ACTIVE_ARCH = YES;
				SDKROOT = iphoneos;
				SWIFT_ACTIVE_COMPILATION_CONDITIONS = DEBUG;
				SWIFT_OPTIMIZATION_LEVEL = "-Onone";
			};
			name = Debug;
		};
		276C05921F8EE28D004BE167 /* Release */ = {
			isa = XCBuildConfiguration;
			buildSettings = {
				ALWAYS_SEARCH_USER_PATHS = NO;
				CLANG_ANALYZER_NONNULL = YES;
				CLANG_ANALYZER_NUMBER_OBJECT_CONVERSION = YES_AGGRESSIVE;
				CLANG_CXX_LANGUAGE_STANDARD = "gnu++14";
				CLANG_CXX_LIBRARY = "libc++";
				CLANG_ENABLE_MODULES = YES;
				CLANG_ENABLE_OBJC_ARC = YES;
				CLANG_WARN_BLOCK_CAPTURE_AUTORELEASING = YES;
				CLANG_WARN_BOOL_CONVERSION = YES;
				CLANG_WARN_COMMA = YES;
				CLANG_WARN_CONSTANT_CONVERSION = YES;
				CLANG_WARN_DIRECT_OBJC_ISA_USAGE = YES_ERROR;
				CLANG_WARN_DOCUMENTATION_COMMENTS = YES;
				CLANG_WARN_EMPTY_BODY = YES;
				CLANG_WARN_ENUM_CONVERSION = YES;
				CLANG_WARN_INFINITE_RECURSION = YES;
				CLANG_WARN_INT_CONVERSION = YES;
				CLANG_WARN_NON_LITERAL_NULL_CONVERSION = YES;
				CLANG_WARN_OBJC_LITERAL_CONVERSION = YES;
				CLANG_WARN_OBJC_ROOT_CLASS = YES_ERROR;
				CLANG_WARN_RANGE_LOOP_ANALYSIS = YES;
				CLANG_WARN_STRICT_PROTOTYPES = YES;
				CLANG_WARN_SUSPICIOUS_MOVE = YES;
				CLANG_WARN_UNGUARDED_AVAILABILITY = YES_AGGRESSIVE;
				CLANG_WARN_UNREACHABLE_CODE = YES;
				CLANG_WARN__DUPLICATE_METHOD_MATCH = YES;
				CODE_SIGN_IDENTITY = "iPhone Developer";
				COPY_PHASE_STRIP = NO;
				DEBUG_INFORMATION_FORMAT = "dwarf-with-dsym";
				ENABLE_NS_ASSERTIONS = NO;
				ENABLE_STRICT_OBJC_MSGSEND = YES;
				GCC_C_LANGUAGE_STANDARD = gnu11;
				GCC_NO_COMMON_BLOCKS = YES;
				GCC_WARN_64_TO_32_BIT_CONVERSION = YES;
				GCC_WARN_ABOUT_RETURN_TYPE = YES_ERROR;
				GCC_WARN_UNDECLARED_SELECTOR = YES;
				GCC_WARN_UNINITIALIZED_AUTOS = YES_AGGRESSIVE;
				GCC_WARN_UNUSED_FUNCTION = YES;
				GCC_WARN_UNUSED_VARIABLE = YES;
				IPHONEOS_DEPLOYMENT_TARGET = 11.0;
				MTL_ENABLE_DEBUG_INFO = NO;
				SDKROOT = iphoneos;
				SWIFT_OPTIMIZATION_LEVEL = "-Owholemodule";
				VALIDATE_PRODUCT = YES;
			};
			name = Release;
		};
		276C05941F8EE28D004BE167 /* Debug */ = {
			isa = XCBuildConfiguration;
			buildSettings = {
				ASSETCATALOG_COMPILER_APPICON_NAME = AppIcon;
				CODE_SIGN_STYLE = Automatic;
				DEVELOPMENT_TEAM = FEW6T6TFJQ;
				INFOPLIST_FILE = DelegateMayhem/Info.plist;
				LD_RUNPATH_SEARCH_PATHS = "$(inherited) @executable_path/Frameworks";
				PRODUCT_BUNDLE_IDENTIFIER = "chengen-zheng.DelegateMayhem";
				PRODUCT_NAME = "$(TARGET_NAME)";
				SWIFT_VERSION = 4.0;
				TARGETED_DEVICE_FAMILY = "1,2";
			};
			name = Debug;
		};
		276C05951F8EE28D004BE167 /* Release */ = {
			isa = XCBuildConfiguration;
			buildSettings = {
				ASSETCATALOG_COMPILER_APPICON_NAME = AppIcon;
				CODE_SIGN_STYLE = Automatic;
				DEVELOPMENT_TEAM = FEW6T6TFJQ;
				INFOPLIST_FILE = DelegateMayhem/Info.plist;
				LD_RUNPATH_SEARCH_PATHS = "$(inherited) @executable_path/Frameworks";
				PRODUCT_BUNDLE_IDENTIFIER = "chengen-zheng.DelegateMayhem";
				PRODUCT_NAME = "$(TARGET_NAME)";
				SWIFT_VERSION = 4.0;
				TARGETED_DEVICE_FAMILY = "1,2";
			};
			name = Release;
		};
		276C05971F8EE28D004BE167 /* Debug */ = {
			isa = XCBuildConfiguration;
			buildSettings = {
				ALWAYS_EMBED_SWIFT_STANDARD_LIBRARIES = YES;
				BUNDLE_LOADER = "$(TEST_HOST)";
				CODE_SIGN_STYLE = Automatic;
				INFOPLIST_FILE = DelegateMayhemTests/Info.plist;
				LD_RUNPATH_SEARCH_PATHS = "$(inherited) @executable_path/Frameworks @loader_path/Frameworks";
				PRODUCT_BUNDLE_IDENTIFIER = "chengen-zheng.DelegateMayhemTests";
				PRODUCT_NAME = "$(TARGET_NAME)";
				SWIFT_VERSION = 4.0;
				TARGETED_DEVICE_FAMILY = "1,2";
				TEST_HOST = "$(BUILT_PRODUCTS_DIR)/DelegateMayhem.app/DelegateMayhem";
			};
			name = Debug;
		};
		276C05981F8EE28D004BE167 /* Release */ = {
			isa = XCBuildConfiguration;
			buildSettings = {
				ALWAYS_EMBED_SWIFT_STANDARD_LIBRARIES = YES;
				BUNDLE_LOADER = "$(TEST_HOST)";
				CODE_SIGN_STYLE = Automatic;
				INFOPLIST_FILE = DelegateMayhemTests/Info.plist;
				LD_RUNPATH_SEARCH_PATHS = "$(inherited) @executable_path/Frameworks @loader_path/Frameworks";
				PRODUCT_BUNDLE_IDENTIFIER = "chengen-zheng.DelegateMayhemTests";
				PRODUCT_NAME = "$(TARGET_NAME)";
				SWIFT_VERSION = 4.0;
				TARGETED_DEVICE_FAMILY = "1,2";
				TEST_HOST = "$(BUILT_PRODUCTS_DIR)/DelegateMayhem.app/DelegateMayhem";
			};
			name = Release;
		};
		276C059A1F8EE28D004BE167 /* Debug */ = {
			isa = XCBuildConfiguration;
			buildSettings = {
				ALWAYS_EMBED_SWIFT_STANDARD_LIBRARIES = YES;
				CODE_SIGN_STYLE = Automatic;
				INFOPLIST_FILE = DelegateMayhemUITests/Info.plist;
				LD_RUNPATH_SEARCH_PATHS = "$(inherited) @executable_path/Frameworks @loader_path/Frameworks";
				PRODUCT_BUNDLE_IDENTIFIER = "chengen-zheng.DelegateMayhemUITests";
				PRODUCT_NAME = "$(TARGET_NAME)";
				SWIFT_VERSION = 4.0;
				TARGETED_DEVICE_FAMILY = "1,2";
				TEST_TARGET_NAME = DelegateMayhem;
			};
			name = Debug;
		};
		276C059B1F8EE28D004BE167 /* Release */ = {
			isa = XCBuildConfiguration;
			buildSettings = {
				ALWAYS_EMBED_SWIFT_STANDARD_LIBRARIES = YES;
				CODE_SIGN_STYLE = Automatic;
				INFOPLIST_FILE = DelegateMayhemUITests/Info.plist;
				LD_RUNPATH_SEARCH_PATHS = "$(inherited) @executable_path/Frameworks @loader_path/Frameworks";
				PRODUCT_BUNDLE_IDENTIFIER = "chengen-zheng.DelegateMayhemUITests";
				PRODUCT_NAME = "$(TARGET_NAME)";
				SWIFT_VERSION = 4.0;
				TARGETED_DEVICE_FAMILY = "1,2";
				TEST_TARGET_NAME = DelegateMayhem;
			};
			name = Release;
		};
/* End XCBuildConfiguration section */

/* Begin XCConfigurationList section */
		276C05661F8EE28D004BE167 /* Build configuration list for PBXProject "DelegateMayhem" */ = {
			isa = XCConfigurationList;
			buildConfigurations = (
				276C05911F8EE28D004BE167 /* Debug */,
				276C05921F8EE28D004BE167 /* Release */,
			);
			defaultConfigurationIsVisible = 0;
			defaultConfigurationName = Release;
		};
		276C05931F8EE28D004BE167 /* Build configuration list for PBXNativeTarget "DelegateMayhem" */ = {
			isa = XCConfigurationList;
			buildConfigurations = (
				276C05941F8EE28D004BE167 /* Debug */,
				276C05951F8EE28D004BE167 /* Release */,
			);
			defaultConfigurationIsVisible = 0;
			defaultConfigurationName = Release;
		};
		276C05961F8EE28D004BE167 /* Build configuration list for PBXNativeTarget "DelegateMayhemTests" */ = {
			isa = XCConfigurationList;
			buildConfigurations = (
				276C05971F8EE28D004BE167 /* Debug */,
				276C05981F8EE28D004BE167 /* Release */,
			);
			defaultConfigurationIsVisible = 0;
			defaultConfigurationName = Release;
		};
		276C05991F8EE28D004BE167 /* Build configuration list for PBXNativeTarget "DelegateMayhemUITests" */ = {
			isa = XCConfigurationList;
			buildConfigurations = (
				276C059A1F8EE28D004BE167 /* Debug */,
				276C059B1F8EE28D004BE167 /* Release */,
			);
			defaultConfigurationIsVisible = 0;
			defaultConfigurationName = Release;
		};
/* End XCConfigurationList section */
	};
	rootObject = 276C05631F8EE28D004BE167 /* Project object */;
}
